
Microsoft Visual Studio Solution File, Format Version 12.00
# Visual Studio Version 17
VisualStudioVersion = 17.2.32630.192
MinimumVisualStudioVersion = 10.0.40219.1
Project("{FAE04EC0-301F-11D3-BF4B-00C04F79EFBC}") = "Projeto", "ProjetoTP1\Projeto.csproj", "{D151C362-6C47-4B6E-A2D3-F839AC499EDD}"
EndProject
Global
	GlobalSection(SolutionConfigurationPlatforms) = preSolution
		Debug|Any CPU = Debug|Any CPU
		Release|Any CPU = Release|Any CPU
	EndGlobalSection
	GlobalSection(ProjectConfigurationPlatforms) = postSolution
		{D151C362-6C47-4B6E-A2D3-F839AC499EDD}.Debug|Any CPU.ActiveCfg = Debug|Any CPU
		{D151C362-6C47-4B6E-A2D3-F839AC499EDD}.Debug|Any CPU.Build.0 = Debug|Any CPU
		{D151C362-6C47-4B6E-A2D3-F839AC499EDD}.Release|Any CPU.ActiveCfg = Release|Any CPU
		{D151C362-6C47-4B6E-A2D3-F839AC499EDD}.Release|Any CPU.Build.0 = Release|Any CPU
	EndGlobalSection
	GlobalSection(SolutionProperties) = preSolution
		HideSolutionNode = FALSE
	EndGlobalSection
	GlobalSection(ExtensibilityGlobals) = postSolution
		SolutionGuid = {16D05AA5-BB8B-4243-87A1-83758E59A0AD}
	EndGlobalSection
EndGlobal
